// !$*UTF8*$!
{
	archiveVersion = 1;
	classes = {
	};
	objectVersion = 50;
	objects = {

/* Begin PBXBuildFile section */
		1713AA62216A53A2003FCDAD /* AppDelegate.swift in Sources */ = {isa = PBXBuildFile; fileRef = 1713AA61216A53A2003FCDAD /* AppDelegate.swift */; };
		1713AA64216A53A2003FCDAD /* ViewController.swift in Sources */ = {isa = PBXBuildFile; fileRef = 1713AA63216A53A2003FCDAD /* ViewController.swift */; };
		1713AA67216A53A2003FCDAD /* Main.storyboard in Resources */ = {isa = PBXBuildFile; fileRef = 1713AA65216A53A2003FCDAD /* Main.storyboard */; };
		1713AA69216A53A4003FCDAD /* Assets.xcassets in Resources */ = {isa = PBXBuildFile; fileRef = 1713AA68216A53A4003FCDAD /* Assets.xcassets */; };
		1713AA6C216A53A4003FCDAD /* LaunchScreen.storyboard in Resources */ = {isa = PBXBuildFile; fileRef = 1713AA6A216A53A4003FCDAD /* LaunchScreen.storyboard */; };
		1713AA77216A53A5003FCDAD /* MovieAppTests.swift in Sources */ = {isa = PBXBuildFile; fileRef = 1713AA76216A53A5003FCDAD /* MovieAppTests.swift */; };
		1713AA82216A53A5003FCDAD /* MovieAppUITests.swift in Sources */ = {isa = PBXBuildFile; fileRef = 1713AA81216A53A5003FCDAD /* MovieAppUITests.swift */; };
/* End PBXBuildFile section */

/* Begin PBXContainerItemProxy section */
		1713AA73216A53A5003FCDAD /* PBXContainerItemProxy */ = {
			isa = PBXContainerItemProxy;
			containerPortal = 1713AA56216A53A2003FCDAD /* Project object */;
			proxyType = 1;
			remoteGlobalIDString = 1713AA5D216A53A2003FCDAD;
			remoteInfo = MovieApp;
		};
		1713AA7E216A53A5003FCDAD /* PBXContainerItemProxy */ = {
			isa = PBXContainerItemProxy;
			containerPortal = 1713AA56216A53A2003FCDAD /* Project object */;
			proxyType = 1;
			remoteGlobalIDString = 1713AA5D216A53A2003FCDAD;
			remoteInfo = MovieApp;
		};
/* End PBXContainerItemProxy section */

/* Begin PBXFileReference section */
		1713AA5E216A53A2003FCDAD /* MovieApp.app */ = {isa = PBXFileReference; explicitFileType = wrapper.application; includeInIndex = 0; path = MovieApp.app; sourceTree = BUILT_PRODUCTS_DIR; };
		1713AA61216A53A2003FCDAD /* AppDelegate.swift */ = {isa = PBXFileReference; lastKnownFileType = sourcecode.swift; path = AppDelegate.swift; sourceTree = "<group>"; };
		1713AA63216A53A2003FCDAD /* ViewController.swift */ = {isa = PBXFileReference; lastKnownFileType = sourcecode.swift; path = ViewController.swift; sourceTree = "<group>"; };
		1713AA66216A53A2003FCDAD /* Base */ = {isa = PBXFileReference; lastKnownFileType = file.storyboard; name = Base; path = Base.lproj/Main.storyboard; sourceTree = "<group>"; };
		1713AA68216A53A4003FCDAD /* Assets.xcassets */ = {isa = PBXFileReference; lastKnownFileType = folder.assetcatalog; path = Assets.xcassets; sourceTree = "<group>"; };
		1713AA6B216A53A4003FCDAD /* Base */ = {isa = PBXFileReference; lastKnownFileType = file.storyboard; name = Base; path = Base.lproj/LaunchScreen.storyboard; sourceTree = "<group>"; };
		1713AA6D216A53A4003FCDAD /* Info.plist */ = {isa = PBXFileReference; lastKnownFileType = text.plist.xml; path = Info.plist; sourceTree = "<group>"; };
		1713AA72216A53A5003FCDAD /* MovieAppTests.xctest */ = {isa = PBXFileReference; explicitFileType = wrapper.cfbundle; includeInIndex = 0; path = MovieAppTests.xctest; sourceTree = BUILT_PRODUCTS_DIR; };
		1713AA76216A53A5003FCDAD /* MovieAppTests.swift */ = {isa = PBXFileReference; lastKnownFileType = sourcecode.swift; path = MovieAppTests.swift; sourceTree = "<group>"; };
		1713AA78216A53A5003FCDAD /* Info.plist */ = {isa = PBXFileReference; lastKnownFileType = text.plist.xml; path = Info.plist; sourceTree = "<group>"; };
		1713AA7D216A53A5003FCDAD /* MovieAppUITests.xctest */ = {isa = PBXFileReference; explicitFileType = wrapper.cfbundle; includeInIndex = 0; path = MovieAppUITests.xctest; sourceTree = BUILT_PRODUCTS_DIR; };
		1713AA81216A53A5003FCDAD /* MovieAppUITests.swift */ = {isa = PBXFileReference; lastKnownFileType = sourcecode.swift; path = MovieAppUITests.swift; sourceTree = "<group>"; };
		1713AA83216A53A5003FCDAD /* Info.plist */ = {isa = PBXFileReference; lastKnownFileType = text.plist.xml; path = Info.plist; sourceTree = "<group>"; };
/* End PBXFileReference section */

/* Begin PBXFrameworksBuildPhase section */
		1713AA5B216A53A2003FCDAD /* Frameworks */ = {
			isa = PBXFrameworksBuildPhase;
			buildActionMask = 2147483647;
			files = (
			);
			runOnlyForDeploymentPostprocessing = 0;
		};
		1713AA6F216A53A5003FCDAD /* Frameworks */ = {
			isa = PBXFrameworksBuildPhase;
			buildActionMask = 2147483647;
			files = (
			);
			runOnlyForDeploymentPostprocessing = 0;
		};
		1713AA7A216A53A5003FCDAD /* Frameworks */ = {
			isa = PBXFrameworksBuildPhase;
			buildActionMask = 2147483647;
			files = (
			);
			runOnlyForDeploymentPostprocessing = 0;
		};
/* End PBXFrameworksBuildPhase section */

/* Begin PBXGroup section */
		1713AA55216A53A2003FCDAD = {
			isa = PBXGroup;
			children = (
				1713AA60216A53A2003FCDAD /* MovieApp */,
				1713AA75216A53A5003FCDAD /* MovieAppTests */,
				1713AA80216A53A5003FCDAD /* MovieAppUITests */,
				1713AA5F216A53A2003FCDAD /* Products */,
			);
			sourceTree = "<group>";
		};
		1713AA5F216A53A2003FCDAD /* Products */ = {
			isa = PBXGroup;
			children = (
				1713AA5E216A53A2003FCDAD /* MovieApp.app */,
				1713AA72216A53A5003FCDAD /* MovieAppTests.xctest */,
				1713AA7D216A53A5003FCDAD /* MovieAppUITests.xctest */,
			);
			name = Products;
			sourceTree = "<group>";
		};
		1713AA60216A53A2003FCDAD /* MovieApp */ = {
			isa = PBXGroup;
			children = (
				1713AA61216A53A2003FCDAD /* AppDelegate.swift */,
				1713AA63216A53A2003FCDAD /* ViewController.swift */,
				1713AA65216A53A2003FCDAD /* Main.storyboard */,
				1713AA68216A53A4003FCDAD /* Assets.xcassets */,
				1713AA6A216A53A4003FCDAD /* LaunchScreen.storyboard */,
				1713AA6D216A53A4003FCDAD /* Info.plist */,
			);
			path = MovieApp;
			sourceTree = "<group>";
		};
		1713AA75216A53A5003FCDAD /* MovieAppTests */ = {
			isa = PBXGroup;
			children = (
				1713AA76216A53A5003FCDAD /* MovieAppTests.swift */,
				1713AA78216A53A5003FCDAD /* Info.plist */,
			);
			path = MovieAppTests;
			sourceTree = "<group>";
		};
		1713AA80216A53A5003FCDAD /* MovieAppUITests */ = {
			isa = PBXGroup;
			children = (
				1713AA81216A53A5003FCDAD /* MovieAppUITests.swift */,
				1713AA83216A53A5003FCDAD /* Info.plist */,
			);
			path = MovieAppUITests;
			sourceTree = "<group>";
		};
/* End PBXGroup section */

/* Begin PBXNativeTarget section */
		1713AA5D216A53A2003FCDAD /* MovieApp */ = {
			isa = PBXNativeTarget;
			buildConfigurationList = 1713AA86216A53A5003FCDAD /* Build configuration list for PBXNativeTarget "MovieApp" */;
			buildPhases = (
				1713AA5A216A53A2003FCDAD /* Sources */,
				1713AA5B216A53A2003FCDAD /* Frameworks */,
				1713AA5C216A53A2003FCDAD /* Resources */,
			);
			buildRules = (
			);
			dependencies = (
			);
			name = MovieApp;
			productName = MovieApp;
			productReference = 1713AA5E216A53A2003FCDAD /* MovieApp.app */;
			productType = "com.apple.product-type.application";
		};
		1713AA71216A53A5003FCDAD /* MovieAppTests */ = {
			isa = PBXNativeTarget;
			buildConfigurationList = 1713AA89216A53A5003FCDAD /* Build configuration list for PBXNativeTarget "MovieAppTests" */;
			buildPhases = (
				1713AA6E216A53A5003FCDAD /* Sources */,
				1713AA6F216A53A5003FCDAD /* Frameworks */,
				1713AA70216A53A5003FCDAD /* Resources */,
			);
			buildRules = (
			);
			dependencies = (
				1713AA74216A53A5003FCDAD /* PBXTargetDependency */,
			);
			name = MovieAppTests;
			productName = MovieAppTests;
			productReference = 1713AA72216A53A5003FCDAD /* MovieAppTests.xctest */;
			productType = "com.apple.product-type.bundle.unit-test";
		};
		1713AA7C216A53A5003FCDAD /* MovieAppUITests */ = {
			isa = PBXNativeTarget;
			buildConfigurationList = 1713AA8C216A53A5003FCDAD /* Build configuration list for PBXNativeTarget "MovieAppUITests" */;
			buildPhases = (
				1713AA79216A53A5003FCDAD /* Sources */,
				1713AA7A216A53A5003FCDAD /* Frameworks */,
				1713AA7B216A53A5003FCDAD /* Resources */,
			);
			buildRules = (
			);
			dependencies = (
				1713AA7F216A53A5003FCDAD /* PBXTargetDependency */,
			);
			name = MovieAppUITests;
			productName = MovieAppUITests;
			productReference = 1713AA7D216A53A5003FCDAD /* MovieAppUITests.xctest */;
			productType = "com.apple.product-type.bundle.ui-testing";
		};
/* End PBXNativeTarget section */

/* Begin PBXProject section */
		1713AA56216A53A2003FCDAD /* Project object */ = {
			isa = PBXProject;
			attributes = {
				LastSwiftUpdateCheck = 1000;
				LastUpgradeCheck = 1000;
				ORGANIZATIONNAME = "Omer Cohen";
				TargetAttributes = {
					1713AA5D216A53A2003FCDAD = {
						CreatedOnToolsVersion = 10.0;
					};
					1713AA71216A53A5003FCDAD = {
						CreatedOnToolsVersion = 10.0;
						TestTargetID = 1713AA5D216A53A2003FCDAD;
					};
					1713AA7C216A53A5003FCDAD = {
						CreatedOnToolsVersion = 10.0;
						TestTargetID = 1713AA5D216A53A2003FCDAD;
					};
				};
			};
			buildConfigurationList = 1713AA59216A53A2003FCDAD /* Build configuration list for PBXProject "MovieApp" */;
			compatibilityVersion = "Xcode 9.3";
			developmentRegion = en;
			hasScannedForEncodings = 0;
			knownRegions = (
				en,
				Base,
			);
			mainGroup = 1713AA55216A53A2003FCDAD;
			productRefGroup = 1713AA5F216A53A2003FCDAD /* Products */;
			projectDirPath = "";
			projectRoot = "";
			targets = (
				1713AA5D216A53A2003FCDAD /* MovieApp */,
				1713AA71216A53A5003FCDAD /* MovieAppTests */,
				1713AA7C216A53A5003FCDAD /* MovieAppUITests */,
			);
		};
/* End PBXProject section */

/* Begin PBXResourcesBuildPhase section */
		1713AA5C216A53A2003FCDAD /* Resources */ = {
			isa = PBXResourcesBuildPhase;
			buildActionMask = 2147483647;
			files = (
				1713AA6C216A53A4003FCDAD /* LaunchScreen.storyboard in Resources */,
				1713AA69216A53A4003FCDAD /* Assets.xcassets in Resources */,
				1713AA67216A53A2003FCDAD /* Main.storyboard in Resources */,
			);
			runOnlyForDeploymentPostprocessing = 0;
		};
		1713AA70216A53A5003FCDAD /* Resources */ = {
			isa = PBXResourcesBuildPhase;
			buildActionMask = 2147483647;
			files = (
			);
			runOnlyForDeploymentPostprocessing = 0;
		};
		1713AA7B216A53A5003FCDAD /* Resources */ = {
			isa = PBXResourcesBuildPhase;
			buildActionMask = 2147483647;
			files = (
			);
			runOnlyForDeploymentPostprocessing = 0;
		};
/* End PBXResourcesBuildPhase section */

/* Begin PBXSourcesBuildPhase section */
		1713AA5A216A53A2003FCDAD /* Sources */ = {
			isa = PBXSourcesBuildPhase;
			buildActionMask = 2147483647;
			files = (
				1713AA64216A53A2003FCDAD /* ViewController.swift in Sources */,
				1713AA62216A53A2003FCDAD /* AppDelegate.swift in Sources */,
			);
			runOnlyForDeploymentPostprocessing = 0;
		};
		1713AA6E216A53A5003FCDAD /* Sources */ = {
			isa = PBXSourcesBuildPhase;
			buildActionMask = 2147483647;
			files = (
				1713AA77216A53A5003FCDAD /* MovieAppTests.swift in Sources */,
			);
			runOnlyForDeploymentPostprocessing = 0;
		};
		1713AA79216A53A5003FCDAD /* Sources */ = {
			isa = PBXSourcesBuildPhase;
			buildActionMask = 2147483647;
			files = (
				1713AA82216A53A5003FCDAD /* MovieAppUITests.swift in Sources */,
			);
			runOnlyForDeploymentPostprocessing = 0;
		};
/* End PBXSourcesBuildPhase section */

/* Begin PBXTargetDependency section */
		1713AA74216A53A5003FCDAD /* PBXTargetDependency */ = {
			isa = PBXTargetDependency;
			target = 1713AA5D216A53A2003FCDAD /* MovieApp */;
			targetProxy = 1713AA73216A53A5003FCDAD /* PBXContainerItemProxy */;
		};
		1713AA7F216A53A5003FCDAD /* PBXTargetDependency */ = {
			isa = PBXTargetDependency;
			target = 1713AA5D216A53A2003FCDAD /* MovieApp */;
			targetProxy = 1713AA7E216A53A5003FCDAD /* PBXContainerItemProxy */;
		};
/* End PBXTargetDependency section */

/* Begin PBXVariantGroup section */
		1713AA65216A53A2003FCDAD /* Main.storyboard */ = {
			isa = PBXVariantGroup;
			children = (
				1713AA66216A53A2003FCDAD /* Base */,
			);
			name = Main.storyboard;
			sourceTree = "<group>";
		};
		1713AA6A216A53A4003FCDAD /* LaunchScreen.storyboard */ = {
			isa = PBXVariantGroup;
			children = (
				1713AA6B216A53A4003FCDAD /* Base */,
			);
			name = LaunchScreen.storyboard;
			sourceTree = "<group>";
		};
/* End PBXVariantGroup section */

/* Begin XCBuildConfiguration section */
		1713AA84216A53A5003FCDAD /* Debug */ = {
			isa = XCBuildConfiguration;
			buildSettings = {
				ALWAYS_SEARCH_USER_PATHS = NO;
				CLANG_ANALYZER_NONNULL = YES;
				CLANG_ANALYZER_NUMBER_OBJECT_CONVERSION = YES_AGGRESSIVE;
				CLANG_CXX_LANGUAGE_STANDARD = "gnu++14";
				CLANG_CXX_LIBRARY = "libc++";
				CLANG_ENABLE_MODULES = YES;
				CLANG_ENABLE_OBJC_ARC = YES;
				CLANG_ENABLE_OBJC_WEAK = YES;
				CLANG_WARN_BLOCK_CAPTURE_AUTORELEASING = YES;
				CLANG_WARN_BOOL_CONVERSION = YES;
				CLANG_WARN_COMMA = YES;
				CLANG_WARN_CONSTANT_CONVERSION = YES;
				CLANG_WARN_DEPRECATED_OBJC_IMPLEMENTATIONS = YES;
				CLANG_WARN_DIRECT_OBJC_ISA_USAGE = YES_ERROR;
				CLANG_WARN_DOCUMENTATION_COMMENTS = YES;
				CLANG_WARN_EMPTY_BODY = YES;
				CLANG_WARN_ENUM_CONVERSION = YES;
				CLANG_WARN_INFINITE_RECURSION = YES;
				CLANG_WARN_INT_CONVERSION = YES;
				CLANG_WARN_NON_LITERAL_NULL_CONVERSION = YES;
				CLANG_WARN_OBJC_IMPLICIT_RETAIN_SELF = YES;
				CLANG_WARN_OBJC_LITERAL_CONVERSION = YES;
				CLANG_WARN_OBJC_ROOT_CLASS = YES_ERROR;
				CLANG_WARN_RANGE_LOOP_ANALYSIS = YES;
				CLANG_WARN_STRICT_PROTOTYPES = YES;
				CLANG_WARN_SUSPICIOUS_MOVE = YES;
				CLANG_WARN_UNGUARDED_AVAILABILITY = YES_AGGRESSIVE;
				CLANG_WARN_UNREACHABLE_CODE = YES;
				CLANG_WARN__DUPLICATE_METHOD_MATCH = YES;
				CODE_SIGN_IDENTITY = "iPhone Developer";
				COPY_PHASE_STRIP = NO;
				DEBUG_INFORMATION_FORMAT = dwarf;
				ENABLE_STRICT_OBJC_MSGSEND = YES;
				ENABLE_TESTABILITY = YES;
				GCC_C_LANGUAGE_STANDARD = gnu11;
				GCC_DYNAMIC_NO_PIC = NO;
				GCC_NO_COMMON_BLOCKS = YES;
				GCC_OPTIMIZATION_LEVEL = 0;
				GCC_PREPROCESSOR_DEFINITIONS = (
					"DEBUG=1",
					"$(inherited)",
				);
				GCC_WARN_64_TO_32_BIT_CONVERSION = YES;
				GCC_WARN_ABOUT_RETURN_TYPE = YES_ERROR;
				GCC_WARN_UNDECLARED_SELECTOR = YES;
				GCC_WARN_UNINITIALIZED_AUTOS = YES_AGGRESSIVE;
				GCC_WARN_UNUSED_FUNCTION = YES;
				GCC_WARN_UNUSED_VARIABLE = YES;
				IPHONEOS_DEPLOYMENT_TARGET = 12.0;
				MTL_ENABLE_DEBUG_INFO = INCLUDE_SOURCE;
				MTL_FAST_MATH = YES;
				ONLY_ACTIVE_ARCH = YES;
				SDKROOT = iphoneos;
				SWIFT_ACTIVE_COMPILATION_CONDITIONS = DEBUG;
				SWIFT_OPTIMIZATION_LEVEL = "-Onone";
			};
			name = Debug;
		};
		1713AA85216A53A5003FCDAD /* Release */ = {
			isa = XCBuildConfiguration;
			buildSettings = {
				ALWAYS_SEARCH_USER_PATHS = NO;
				CLANG_ANALYZER_NONNULL = YES;
				CLANG_ANALYZER_NUMBER_OBJECT_CONVERSION = YES_AGGRESSIVE;
				CLANG_CXX_LANGUAGE_STANDARD = "gnu++14";
				CLANG_CXX_LIBRARY = "libc++";
				CLANG_ENABLE_MODULES = YES;
				CLANG_ENABLE_OBJC_ARC = YES;
				CLANG_ENABLE_OBJC_WEAK = YES;
				CLANG_WARN_BLOCK_CAPTURE_AUTORELEASING = YES;
				CLANG_WARN_BOOL_CONVERSION = YES;
				CLANG_WARN_COMMA = YES;
				CLANG_WARN_CONSTANT_CONVERSION = YES;
				CLANG_WARN_DEPRECATED_OBJC_IMPLEMENTATIONS = YES;
				CLANG_WARN_DIRECT_OBJC_ISA_USAGE = YES_ERROR;
				CLANG_WARN_DOCUMENTATION_COMMENTS = YES;
				CLANG_WARN_EMPTY_BODY = YES;
				CLANG_WARN_ENUM_CONVERSION = YES;
				CLANG_WARN_INFINITE_RECURSION = YES;
				CLANG_WARN_INT_CONVERSION = YES;
				CLANG_WARN_NON_LITERAL_NULL_CONVERSION = YES;
				CLANG_WARN_OBJC_IMPLICIT_RETAIN_SELF = YES;
				CLANG_WARN_OBJC_LITERAL_CONVERSION = YES;
				CLANG_WARN_OBJC_ROOT_CLASS = YES_ERROR;
				CLANG_WARN_RANGE_LOOP_ANALYSIS = YES;
				CLANG_WARN_STRICT_PROTOTYPES = YES;
				CLANG_WARN_SUSPICIOUS_MOVE = YES;
				CLANG_WARN_UNGUARDED_AVAILABILITY = YES_AGGRESSIVE;
				CLANG_WARN_UNREACHABLE_CODE = YES;
				CLANG_WARN__DUPLICATE_METHOD_MATCH = YES;
				CODE_SIGN_IDENTITY = "iPhone Developer";
				COPY_PHASE_STRIP = NO;
				DEBUG_INFORMATION_FORMAT = "dwarf-with-dsym";
				ENABLE_NS_ASSERTIONS = NO;
				ENABLE_STRICT_OBJC_MSGSEND = YES;
				GCC_C_LANGUAGE_STANDARD = gnu11;
				GCC_NO_COMMON_BLOCKS = YES;
				GCC_WARN_64_TO_32_BIT_CONVERSION = YES;
				GCC_WARN_ABOUT_RETURN_TYPE = YES_ERROR;
				GCC_WARN_UNDECLARED_SELECTOR = YES;
				GCC_WARN_UNINITIALIZED_AUTOS = YES_AGGRESSIVE;
				GCC_WARN_UNUSED_FUNCTION = YES;
				GCC_WARN_UNUSED_VARIABLE = YES;
				IPHONEOS_DEPLOYMENT_TARGET = 12.0;
				MTL_ENABLE_DEBUG_INFO = NO;
				MTL_FAST_MATH = YES;
				SDKROOT = iphoneos;
				SWIFT_COMPILATION_MODE = wholemodule;
				SWIFT_OPTIMIZATION_LEVEL = "-O";
				VALIDATE_PRODUCT = YES;
			};
			name = Release;
		};
		1713AA87216A53A5003FCDAD /* Debug */ = {
			isa = XCBuildConfiguration;
			buildSettings = {
				ASSETCATALOG_COMPILER_APPICON_NAME = AppIcon;
				CODE_SIGN_STYLE = Automatic;
				INFOPLIST_FILE = MovieApp/Info.plist;
				LD_RUNPATH_SEARCH_PATHS = (
					"$(inherited)",
					"@executable_path/Frameworks",
				);
				PRODUCT_BUNDLE_IDENTIFIER = omer.com.MovieApp.MovieApp;
				PRODUCT_NAME = "$(TARGET_NAME)";
				SWIFT_VERSION = 4.2;
				TARGETED_DEVICE_FAMILY = "1,2";
			};
			name = Debug;
		};
		1713AA88216A53A5003FCDAD /* Release */ = {
			isa = XCBuildConfiguration;
			buildSettings = {
				ASSETCATALOG_COMPILER_APPICON_NAME = AppIcon;
				CODE_SIGN_STYLE = Automatic;
				INFOPLIST_FILE = MovieApp/Info.plist;
				LD_RUNPATH_SEARCH_PATHS = (
					"$(inherited)",
					"@executable_path/Frameworks",
				);
				PRODUCT_BUNDLE_IDENTIFIER = omer.com.MovieApp.MovieApp;
				PRODUCT_NAME = "$(TARGET_NAME)";
				SWIFT_VERSION = 4.2;
				TARGETED_DEVICE_FAMILY = "1,2";
			};
			name = Release;
		};
		1713AA8A216A53A5003FCDAD /* Debug */ = {
			isa = XCBuildConfiguration;
			buildSettings = {
				ALWAYS_EMBED_SWIFT_STANDARD_LIBRARIES = YES;
				BUNDLE_LOADER = "$(TEST_HOST)";
				CODE_SIGN_STYLE = Automatic;
				INFOPLIST_FILE = MovieAppTests/Info.plist;
				LD_RUNPATH_SEARCH_PATHS = (
					"$(inherited)",
					"@executable_path/Frameworks",
					"@loader_path/Frameworks",
				);
				PRODUCT_BUNDLE_IDENTIFIER = omer.com.MovieApp.MovieAppTests;
				PRODUCT_NAME = "$(TARGET_NAME)";
				SWIFT_VERSION = 4.2;
				TARGETED_DEVICE_FAMILY = "1,2";
				TEST_HOST = "$(BUILT_PRODUCTS_DIR)/MovieApp.app/MovieApp";
			};
			name = Debug;
		};
		1713AA8B216A53A5003FCDAD /* Release */ = {
			isa = XCBuildConfiguration;
			buildSettings = {
				ALWAYS_EMBED_SWIFT_STANDARD_LIBRARIES = YES;
				BUNDLE_LOADER = "$(TEST_HOST)";
				CODE_SIGN_STYLE = Automatic;
				INFOPLIST_FILE = MovieAppTests/Info.plist;
				LD_RUNPATH_SEARCH_PATHS = (
					"$(inherited)",
					"@executable_path/Frameworks",
					"@loader_path/Frameworks",
				);
				PRODUCT_BUNDLE_IDENTIFIER = omer.com.MovieApp.MovieAppTests;
				PRODUCT_NAME = "$(TARGET_NAME)";
				SWIFT_VERSION = 4.2;
				TARGETED_DEVICE_FAMILY = "1,2";
				TEST_HOST = "$(BUILT_PRODUCTS_DIR)/MovieApp.app/MovieApp";
			};
			name = Release;
		};
		1713AA8D216A53A5003FCDAD /* Debug */ = {
			isa = XCBuildConfiguration;
			buildSettings = {
				ALWAYS_EMBED_SWIFT_STANDARD_LIBRARIES = YES;
				CODE_SIGN_STYLE = Automatic;
				INFOPLIST_FILE = MovieAppUITests/Info.plist;
				LD_RUNPATH_SEARCH_PATHS = (
					"$(inherited)",
					"@executable_path/Frameworks",
					"@loader_path/Frameworks",
				);
				PRODUCT_BUNDLE_IDENTIFIER = omer.com.MovieApp.MovieAppUITests;
				PRODUCT_NAME = "$(TARGET_NAME)";
				SWIFT_VERSION = 4.2;
				TARGETED_DEVICE_FAMILY = "1,2";
				TEST_TARGET_NAME = MovieApp;
			};
			name = Debug;
		};
		1713AA8E216A53A5003FCDAD /* Release */ = {
			isa = XCBuildConfiguration;
			buildSettings = {
				ALWAYS_EMBED_SWIFT_STANDARD_LIBRARIES = YES;
				CODE_SIGN_STYLE = Automatic;
				INFOPLIST_FILE = MovieAppUITests/Info.plist;
				LD_RUNPATH_SEARCH_PATHS = (
					"$(inherited)",
					"@executable_path/Frameworks",
					"@loader_path/Frameworks",
				);
				PRODUCT_BUNDLE_IDENTIFIER = omer.com.MovieApp.MovieAppUITests;
				PRODUCT_NAME = "$(TARGET_NAME)";
				SWIFT_VERSION = 4.2;
				TARGETED_DEVICE_FAMILY = "1,2";
				TEST_TARGET_NAME = MovieApp;
			};
			name = Release;
		};
/* End XCBuildConfiguration section */

/* Begin XCConfigurationList section */
		1713AA59216A53A2003FCDAD /* Build configuration list for PBXProject "MovieApp" */ = {
			isa = XCConfigurationList;
			buildConfigurations = (
				1713AA84216A53A5003FCDAD /* Debug */,
				1713AA85216A53A5003FCDAD /* Release */,
			);
			defaultConfigurationIsVisible = 0;
			defaultConfigurationName = Release;
		};
		1713AA86216A53A5003FCDAD /* Build configuration list for PBXNativeTarget "MovieApp" */ = {
			isa = XCConfigurationList;
			buildConfigurations = (
				1713AA87216A53A5003FCDAD /* Debug */,
				1713AA88216A53A5003FCDAD /* Release */,
			);
			defaultConfigurationIsVisible = 0;
			defaultConfigurationName = Release;
		};
		1713AA89216A53A5003FCDAD /* Build configuration list for PBXNativeTarget "MovieAppTests" */ = {
			isa = XCConfigurationList;
			buildConfigurations = (
				1713AA8A216A53A5003FCDAD /* Debug */,
				1713AA8B216A53A5003FCDAD /* Release */,
			);
			defaultConfigurationIsVisible = 0;
			defaultConfigurationName = Release;
		};
		1713AA8C216A53A5003FCDAD /* Build configuration list for PBXNativeTarget "MovieAppUITests" */ = {
			isa = XCConfigurationList;
			buildConfigurations = (
				1713AA8D216A53A5003FCDAD /* Debug */,
				1713AA8E216A53A5003FCDAD /* Release */,
			);
			defaultConfigurationIsVisible = 0;
			defaultConfigurationName = Release;
		};
/* End XCConfigurationList section */
	};
	rootObject = 1713AA56216A53A2003FCDAD /* Project object */;
}
